
Microsoft Visual Studio Solution File, Format Version 12.00
# Visual Studio 14
VisualStudioVersion = 14.0.23107.0
MinimumVisualStudioVersion = 10.0.40219.1
Project("{FAE04EC0-301F-11D3-BF4B-00C04F79EFBC}") = "TodoListWebApi", "TodoListWebApi\TodoListWebApi.csproj", "{62FD213D-91E0-4874-A060-EBDC1BA6FF55}"
EndProject
Project("{FAE04EC0-301F-11D3-BF4B-00C04F79EFBC}") = "TodoListWebApi.Tests", "TodoListWebApi.Tests\TodoListWebApi.Tests.csproj", "{F813580B-9392-4DF4-A6B6-5267D25A95AD}"
EndProject
Project("{FAE04EC0-301F-11D3-BF4B-00C04F79EFBC}") = "TodoListWebApi.IntegrationTests", "TodoListWebApi.IntegrationTests\TodoListWebApi.IntegrationTests.csproj", "{C26E2733-9558-4194-8181-E36D7B4B490B}"
EndProject
Project("{FAE04EC0-301F-11D3-BF4B-00C04F79EFBC}") = "TodoListWebApi.Spa", "TodoListWebApi.Spa\TodoListWebApi.Spa.csproj", "{F8C724A7-94C5-4BB4-B502-D639BC6817F2}"
EndProject
Global
	GlobalSection(SolutionConfigurationPlatforms) = preSolution
		Debug|Any CPU = Debug|Any CPU
		Release|Any CPU = Release|Any CPU
	EndGlobalSection
	GlobalSection(ProjectConfigurationPlatforms) = postSolution
		{62FD213D-91E0-4874-A060-EBDC1BA6FF55}.Debug|Any CPU.ActiveCfg = Debug|Any CPU
		{62FD213D-91E0-4874-A060-EBDC1BA6FF55}.Debug|Any CPU.Build.0 = Debug|Any CPU
		{62FD213D-91E0-4874-A060-EBDC1BA6FF55}.Release|Any CPU.ActiveCfg = Release|Any CPU
		{62FD213D-91E0-4874-A060-EBDC1BA6FF55}.Release|Any CPU.Build.0 = Release|Any CPU
		{F813580B-9392-4DF4-A6B6-5267D25A95AD}.Debug|Any CPU.ActiveCfg = Debug|Any CPU
		{F813580B-9392-4DF4-A6B6-5267D25A95AD}.Debug|Any CPU.Build.0 = Debug|Any CPU
		{F813580B-9392-4DF4-A6B6-5267D25A95AD}.Release|Any CPU.ActiveCfg = Release|Any CPU
		{F813580B-9392-4DF4-A6B6-5267D25A95AD}.Release|Any CPU.Build.0 = Release|Any CPU
		{C26E2733-9558-4194-8181-E36D7B4B490B}.Debug|Any CPU.ActiveCfg = Debug|Any CPU
		{C26E2733-9558-4194-8181-E36D7B4B490B}.Debug|Any CPU.Build.0 = Debug|Any CPU
		{C26E2733-9558-4194-8181-E36D7B4B490B}.Release|Any CPU.ActiveCfg = Release|Any CPU
		{C26E2733-9558-4194-8181-E36D7B4B490B}.Release|Any CPU.Build.0 = Release|Any CPU
		{F8C724A7-94C5-4BB4-B502-D639BC6817F2}.Debug|Any CPU.ActiveCfg = Debug|Any CPU
		{F8C724A7-94C5-4BB4-B502-D639BC6817F2}.Debug|Any CPU.Build.0 = Debug|Any CPU
		{F8C724A7-94C5-4BB4-B502-D639BC6817F2}.Release|Any CPU.ActiveCfg = Release|Any CPU
		{F8C724A7-94C5-4BB4-B502-D639BC6817F2}.Release|Any CPU.Build.0 = Release|Any CPU
	EndGlobalSection
	GlobalSection(SolutionProperties) = preSolution
		HideSolutionNode = FALSE
	EndGlobalSection
EndGlobal
